{
  "originHash" : "4e257059318caac49804bb2d4d8d908e9088cea24745924e38a9049cb4c390a6",
  "pins" : [
    {
      "identity" : "fluidaudio",
      "kind" : "remoteSourceControl",
      "location" : "https://github.com/FluidInference/FluidAudio.git",
      "state" : {
        "revision" : "5c51c5c93afff0d89594a2a93c3103e790ba648c",
        "version" : "0.17.1"
      }
    },
    {
      "identity" : "fluiduse",
      "kind" : "remoteSourceControl",
      "location" : "https://github.com/FluidInference/FluidUse.git",
      "state" : {
        "revision" : "e0d4215ae395a877e9d11bbb75bb26413137ab05"
      }
    }
  ],
  "version" : 3
}
