{
  "originHash" : "4a4bf5c9e79b785fa5880c91ac366c4d95d3f4fcf3000f33a7e57de793db552c",
  "pins" : [
    {
      "identity" : "fluidaudio",
      "kind" : "remoteSourceControl",
      "location" : "https://github.com/FluidInference/FluidAudio.git",
      "state" : {
        "revision" : "5c51c5c93afff0d89594a2a93c3103e790ba648c",
        "version" : "0.17.1"
      }
    },
    {
      "identity" : "fluiduse",
      "kind" : "remoteSourceControl",
      "location" : "https://github.com/FluidInference/FluidUse.git",
      "state" : {
        "revision" : "e0d4215ae395a877e9d11bbb75bb26413137ab05"
      }
    },
    {
      "identity" : "keyboardshortcuts",
      "kind" : "remoteSourceControl",
      "location" : "https://github.com/sindresorhus/KeyboardShortcuts.git",
      "state" : {
        "revision" : "70caa8dea43e2d273cd5ab78885d7eff01df550c",
        "version" : "1.10.0"
      }
    }
  ],
  "version" : 3
}
